# This file is generated by running "yarn install" inside your project.
# Manual changes might be lost - proceed with caution!

__metadata:
  version: 5
  cacheKey: 8

"@babel/runtime-corejs3@npm:^7.14.9":
  version: 7.16.3
  resolution: "@babel/runtime-corejs3@npm:7.16.3"
  dependencies:
    core-js-pure: ^3.19.0
    regenerator-runtime: ^0.13.4
  checksum: cdf97a52e6e980325190d680322ef182025249b6ac2fd7efa4e28bbf4e9ae8c41ef48457a25c90f03c5e759d2f66fe8d459c31e0f6b16815c9ca90654041f487
  languageName: node
  linkType: hard

"@chevrotain/types@npm:^9.1.0":
  version: 9.1.0
  resolution: "@chevrotain/types@npm:9.1.0"
  checksum: 5f26ff26aa345bc823b39ebe48f038db0998c80d13fa4b937961d68523a259ac86ec693bc1ad3f3cfa9ef83e5ffb6d94337960c3a1ee7cb82e3014adb4f5bf30
  languageName: node
  linkType: hard

"@chevrotain/utils@npm:^9.1.0":
  version: 9.1.0
  resolution: "@chevrotain/utils@npm:9.1.0"
  checksum: ca78c97c7c3e444431d0fafa348f0c955998cd86bc0d4bbdeaae3ff5abba8d416d69d5a4163e86cac962a392f1c325cb4a97b8b05722527da62e9b7635025e02
  languageName: node
  linkType: hard

"@dextcloud/jsonmatch@workspace:.":
  version: 0.0.0-use.local
  resolution: "@dextcloud/jsonmatch@workspace:."
  dependencies:
    chevrotain: ^9.1.0
    faucet: ^0.0.1
    lodash: ^4.17.21
    tape: ^4.11.0
    xregexp: ^5.1.0
  languageName: unknown
  linkType: soft

"balanced-match@npm:^1.0.0":
  version: 1.0.0
  resolution: "balanced-match@npm:1.0.0"
  checksum: 9b67bfe558772f40cf743a3469b48b286aecec2ea9fe80c48d74845e53aab1cef524fafedf123a63019b49ac397760573ef5f173f539423061f7217cbb5fbd40
  languageName: node
  linkType: hard

"brace-expansion@npm:^1.1.7":
  version: 1.1.11
  resolution: "brace-expansion@npm:1.1.11"
  dependencies:
    balanced-match: ^1.0.0
    concat-map: 0.0.1
  checksum: faf34a7bb0c3fcf4b59c7808bc5d2a96a40988addf2e7e09dfbb67a2251800e0d14cd2bfc1aa79174f2f5095c54ff27f46fb1289fe2d77dac755b5eb3434cc07
  languageName: node
  linkType: hard

"chevrotain@npm:^9.1.0":
  version: 9.1.0
  resolution: "chevrotain@npm:9.1.0"
  dependencies:
    "@chevrotain/types": ^9.1.0
    "@chevrotain/utils": ^9.1.0
    regexp-to-ast: 0.5.0
  checksum: 632d0d7c69081e3cc3a08c071cb738c46499a05f1a513b7f9101f7a9b5570d6ee62cac5ba506659a85bf9e71e1029c462dbb7bd9fe1bfe019b6c1879ca29c525
  languageName: node
  linkType: hard

"concat-map@npm:0.0.1":
  version: 0.0.1
  resolution: "concat-map@npm:0.0.1"
  checksum: 902a9f5d8967a3e2faf138d5cb784b9979bad2e6db5357c5b21c568df4ebe62bcb15108af1b2253744844eb964fc023fbd9afbbbb6ddd0bcc204c6fb5b7bf3af
  languageName: node
  linkType: hard

"core-js-pure@npm:^3.19.0":
  version: 3.19.3
  resolution: "core-js-pure@npm:3.19.3"
  checksum: 1c9db965010751e9242f8c3697f55c63a8a1a152e6128aff85ea29dd040f78417e63a9d493293eba46351e7ef22e89d1fc077ead5b8121f8d88244952c73585a
  languageName: node
  linkType: hard

"core-util-is@npm:~1.0.0":
  version: 1.0.2
  resolution: "core-util-is@npm:1.0.2"
  checksum: 7a4c925b497a2c91421e25bf76d6d8190f0b2359a9200dbeed136e63b2931d6294d3b1893eda378883ed363cd950f44a12a401384c609839ea616befb7927dab
  languageName: node
  linkType: hard

"deep-equal@npm:~0.1.0":
  version: 0.1.2
  resolution: "deep-equal@npm:0.1.2"
  checksum: cfbf683d496c3e5605f151359f7eba35838f6e9d709a9437a668a0d258dbc7bbad5d9376873e15c4ce4c1cf9c98b790eadcb15f0b1209ce17e8ad0d7932b7a14
  languageName: node
  linkType: hard

"deep-equal@npm:~1.0.1":
  version: 1.0.1
  resolution: "deep-equal@npm:1.0.1"
  checksum: 5af8cbfcebf190491878a498caccc7dc9592f8ebd1685b976eacc3825619d222b5e929923163b92c4f414494e2b884f7ebf00c022e8198e8292deb70dd9785f4
  languageName: node
  linkType: hard

"define-properties@npm:^1.1.2":
  version: 1.1.3
  resolution: "define-properties@npm:1.1.3"
  dependencies:
    object-keys: ^1.0.12
  checksum: da80dba55d0cd76a5a7ab71ef6ea0ebcb7b941f803793e4e0257b384cb772038faa0c31659d244e82c4342edef841c1a1212580006a05a5068ee48223d787317
  languageName: node
  linkType: hard

"defined@npm:0.0.0, defined@npm:~0.0.0":
  version: 0.0.0
  resolution: "defined@npm:0.0.0"
  checksum: 037f80bb4d8b92e72ca99f1b24d1d9d683741b28b9cb9c7b5f4a4c913826fd7f4b103440a623a3882f2218ec3d87649fbf86c65c45e6999cf1124b9a8924fca5
  languageName: node
  linkType: hard

"defined@npm:~1.0.0":
  version: 1.0.0
  resolution: "defined@npm:1.0.0"
  checksum: 77672997c5001773371c4dbcce98da0b3dc43089d6da2ad87c4b800adb727633cea8723ea3889fe0c2112a2404e2fd07e3bfd0e55f7426aa6441d8992045dbd5
  languageName: node
  linkType: hard

"duplexer@npm:~0.1.1":
  version: 0.1.1
  resolution: "duplexer@npm:0.1.1"
  checksum: fc7937c4a43808493cd63dfa59f4deb6cf02beea783cb17f39677b53ccacb9fba48f87731b8944048dd6dfa8f456d0725f86f3fd587ab780532d9a8e2914e8b7
  languageName: node
  linkType: hard

"es-abstract@npm:^1.5.0":
  version: 1.14.1
  resolution: "es-abstract@npm:1.14.1"
  dependencies:
    es-to-primitive: ^1.2.0
    function-bind: ^1.1.1
    has: ^1.0.3
    has-symbols: ^1.0.0
    is-callable: ^1.1.4
    is-regex: ^1.0.4
    object-inspect: ^1.6.0
    object-keys: ^1.1.1
    string.prototype.trimleft: ^2.0.0
    string.prototype.trimright: ^2.0.0
  checksum: c9b686a1c80808f81c58eaec77293ad132f83689a3dcb5772c2121e340553a0eb34336cbb016c24ce3bb076ccca5385d983e6b17a54de157bb3a6324c449d1e0
  languageName: node
  linkType: hard

"es-to-primitive@npm:^1.2.0":
  version: 1.2.0
  resolution: "es-to-primitive@npm:1.2.0"
  dependencies:
    is-callable: ^1.1.4
    is-date-object: ^1.0.1
    is-symbol: ^1.0.2
  checksum: 6bd427991a876a978d8bac8684ccfda89a1d51014f69b37715ad6f52b1c7e9692a6fa908c7050c8337718df3c23344e68002e528a36dcde9d6d90ae8758d559c
  languageName: node
  linkType: hard

"faucet@npm:^0.0.1":
  version: 0.0.1
  resolution: "faucet@npm:0.0.1"
  dependencies:
    defined: 0.0.0
    duplexer: ~0.1.1
    minimist: 0.0.5
    sprintf: ~0.1.3
    tap-parser: ~0.4.0
    tape: ~2.3.2
    through2: ~0.2.3
  bin:
    faucet: bin/cmd.js
  checksum: 2e30f86d3f7500f1c7f924c751035b58f9d257e92111cf443105ae79a1a292a8994da52051a1469706da970904e48e15d9c20977e283fcf86601bb72631ea92b
  languageName: node
  linkType: hard

"for-each@npm:~0.3.3":
  version: 0.3.3
  resolution: "for-each@npm:0.3.3"
  dependencies:
    is-callable: ^1.1.3
  checksum: 6c48ff2bc63362319c65e2edca4a8e1e3483a2fabc72fbe7feaf8c73db94fc7861bd53bc02c8a66a0c1dd709da6b04eec42e0abdd6b40ce47305ae92a25e5d28
  languageName: node
  linkType: hard

"fs.realpath@npm:^1.0.0":
  version: 1.0.0
  resolution: "fs.realpath@npm:1.0.0"
  checksum: 99ddea01a7e75aa276c250a04eedeffe5662bce66c65c07164ad6264f9de18fb21be9433ead460e54cff20e31721c811f4fb5d70591799df5f85dce6d6746fd0
  languageName: node
  linkType: hard

"function-bind@npm:^1.0.2, function-bind@npm:^1.1.1, function-bind@npm:~1.1.1":
  version: 1.1.1
  resolution: "function-bind@npm:1.1.1"
  checksum: b32fbaebb3f8ec4969f033073b43f5c8befbb58f1a79e12f1d7490358150359ebd92f49e72ff0144f65f2c48ea2a605bff2d07965f548f6474fd8efd95bf361a
  languageName: node
  linkType: hard

"glob@npm:~7.1.4":
  version: 7.1.4
  resolution: "glob@npm:7.1.4"
  dependencies:
    fs.realpath: ^1.0.0
    inflight: ^1.0.4
    inherits: 2
    minimatch: ^3.0.4
    once: ^1.3.0
    path-is-absolute: ^1.0.0
  checksum: f52480fc82b1e66e52990f0f2e7306447d12294c83fbbee0395e761ad1178172012a7cc0673dbf4810baac400fc09bf34484c08b5778c216403fd823db281716
  languageName: node
  linkType: hard

"has-symbols@npm:^1.0.0":
  version: 1.0.0
  resolution: "has-symbols@npm:1.0.0"
  checksum: 9b557a61222b5579273ac93f193e14925a3b0d9631e87cae8f6f774cb7f90eada8218a9f71f075a60d330266dddea3c4e7153b9638e866e3d01d42a614717bc4
  languageName: node
  linkType: hard

"has@npm:^1.0.1, has@npm:^1.0.3, has@npm:~1.0.3":
  version: 1.0.3
  resolution: "has@npm:1.0.3"
  dependencies:
    function-bind: ^1.1.1
  checksum: b9ad53d53be4af90ce5d1c38331e712522417d017d5ef1ebd0507e07c2fbad8686fffb8e12ddecd4c39ca9b9b47431afbb975b8abf7f3c3b82c98e9aad052792
  languageName: node
  linkType: hard

"inflight@npm:^1.0.4":
  version: 1.0.6
  resolution: "inflight@npm:1.0.6"
  dependencies:
    once: ^1.3.0
    wrappy: 1
  checksum: f4f76aa072ce19fae87ce1ef7d221e709afb59d445e05d47fba710e85470923a75de35bfae47da6de1b18afc3ce83d70facf44cfb0aff89f0a3f45c0a0244dfd
  languageName: node
  linkType: hard

"inherits@npm:2, inherits@npm:~2.0.1, inherits@npm:~2.0.4":
  version: 2.0.4
  resolution: "inherits@npm:2.0.4"
  checksum: 4a48a733847879d6cf6691860a6b1e3f0f4754176e4d71494c41f3475553768b10f84b5ce1d40fbd0e34e6bfbb864ee35858ad4dd2cf31e02fc4a154b724d7f1
  languageName: node
  linkType: hard

"is-callable@npm:^1.1.3, is-callable@npm:^1.1.4":
  version: 1.1.4
  resolution: "is-callable@npm:1.1.4"
  checksum: ad54044fbe114f91da69f89ab3a9b626e80d13398aeb6a541930a52936207d6da4b0f51e5e5dbf2c8dad45623bc302b0e62a0ac9918a0f7d1cd4865929adc0ed
  languageName: node
  linkType: hard

"is-date-object@npm:^1.0.1":
  version: 1.0.1
  resolution: "is-date-object@npm:1.0.1"
  checksum: 4ce962ecb46d31e48652a247ba9a31697199308926ec8e330426f5de41007781c28617c7c972f188e9aa2dd3d77f725eaba7755d207cecdd49f32fc0beca4fed
  languageName: node
  linkType: hard

"is-regex@npm:^1.0.4":
  version: 1.0.4
  resolution: "is-regex@npm:1.0.4"
  dependencies:
    has: ^1.0.1
  checksum: 8df3511d4464a22d789502a175decd4d82b5394a424297c92b5ffc11996a239d89a7ff1dd5c721329bd41ed128218b94fe4eeddbf9e2ab2c10fa05b6effc3dd5
  languageName: node
  linkType: hard

"is-symbol@npm:^1.0.2":
  version: 1.0.2
  resolution: "is-symbol@npm:1.0.2"
  dependencies:
    has-symbols: ^1.0.0
  checksum: 28a384b4f7a20591c94230ea6e4a45b707395a2cd68a43cd6623c6a444374073c6b9c11b9d3d4b5b472b006cacf1901ca4dd60629f55d534644648954a217169
  languageName: node
  linkType: hard

"isarray@npm:0.0.1":
  version: 0.0.1
  resolution: "isarray@npm:0.0.1"
  checksum: 49191f1425681df4a18c2f0f93db3adb85573bcdd6a4482539d98eac9e705d8961317b01175627e860516a2fc45f8f9302db26e5a380a97a520e272e2a40a8d4
  languageName: node
  linkType: hard

"jsonify@npm:~0.0.0":
  version: 0.0.0
  resolution: "jsonify@npm:0.0.0"
  checksum: d8d4ed476c116e6987a460dcb82f22284686caae9f498ac87b0502c1765ac1522f4f450a4cad4cc368d202fd3b27a3860735140a82867fc6d558f5f199c38bce
  languageName: node
  linkType: hard

"lodash@npm:^4.17.21":
  version: 4.17.21
  resolution: "lodash@npm:4.17.21"
  checksum: eb835a2e51d381e561e508ce932ea50a8e5a68f4ebdd771ea240d3048244a8d13658acbd502cd4829768c56f2e16bdd4340b9ea141297d472517b83868e677f7
  languageName: node
  linkType: hard

"minimatch@npm:^3.0.4":
  version: 3.0.4
  resolution: "minimatch@npm:3.0.4"
  dependencies:
    brace-expansion: ^1.1.7
  checksum: 66ac295f8a7b59788000ea3749938b0970344c841750abd96694f80269b926ebcafad3deeb3f1da2522978b119e6ae3a5869b63b13a7859a456b3408bd18a078
  languageName: node
  linkType: hard

"minimist@npm:0.0.5":
  version: 0.0.5
  resolution: "minimist@npm:0.0.5"
  checksum: f58a68c1edf373fde27fdc7931189cd099532cc62f0a70fe938a70479b1ed5fa920acd7bd704451d7499a06aa5649b9843cca6cc24811bb049d9435cf074f81a
  languageName: node
  linkType: hard

"minimist@npm:~1.2.0":
  version: 1.2.0
  resolution: "minimist@npm:1.2.0"
  checksum: 72473f0fce6692cf1e134dfdccfcfddd64d354d465dac3e43053e0c6d398eb9684c9d964f666e3c1be93829de47cb1ddf3cd26d4071322ed25fbaa625441dd85
  languageName: node
  linkType: hard

"object-inspect@npm:^1.6.0, object-inspect@npm:~1.6.0":
  version: 1.6.0
  resolution: "object-inspect@npm:1.6.0"
  checksum: 3753bbde46fb62944d90e3bac374bcca1e6c71f6427f985ac3652ec2e1f55d94788ebaa1bc5c031ee538e9ab37674dea60cf5d492cb52bd0c735b90f0e322665
  languageName: node
  linkType: hard

"object-keys@npm:^1.0.12, object-keys@npm:^1.1.1":
  version: 1.1.1
  resolution: "object-keys@npm:1.1.1"
  checksum: b363c5e7644b1e1b04aa507e88dcb8e3a2f52b6ffd0ea801e4c7a62d5aa559affe21c55a07fd4b1fd55fc03a33c610d73426664b20032405d7b92a1414c34d6a
  languageName: node
  linkType: hard

"object-keys@npm:~0.4.0":
  version: 0.4.0
  resolution: "object-keys@npm:0.4.0"
  checksum: 1be3ebe9b48c0d5eda8e4a30657d887a748cb42435e0e2eaf49faf557bdd602cd2b7558b8ce90a4eb2b8592d16b875a1900bce859cbb0f35b21c67e11a45313c
  languageName: node
  linkType: hard

"once@npm:^1.3.0":
  version: 1.4.0
  resolution: "once@npm:1.4.0"
  dependencies:
    wrappy: 1
  checksum: cd0a88501333edd640d95f0d2700fbde6bff20b3d4d9bdc521bdd31af0656b5706570d6c6afe532045a20bb8dc0849f8332d6f2a416e0ba6d3d3b98806c7db68
  languageName: node
  linkType: hard

"path-is-absolute@npm:^1.0.0":
  version: 1.0.1
  resolution: "path-is-absolute@npm:1.0.1"
  checksum: 060840f92cf8effa293bcc1bea81281bd7d363731d214cbe5c227df207c34cd727430f70c6037b5159c8a870b9157cba65e775446b0ab06fd5ecc7e54615a3b8
  languageName: node
  linkType: hard

"path-parse@npm:^1.0.6":
  version: 1.0.6
  resolution: "path-parse@npm:1.0.6"
  checksum: 962a85dd384d68d469ec5ba4010df8f8f9b7e936ce603bbe3211476c5615feb3c2b1ca61211a78445fadc833f0b1a86ea6484c861035ec4ac93011ba9aff9a11
  languageName: node
  linkType: hard

"readable-stream@npm:~1.1.11, readable-stream@npm:~1.1.9":
  version: 1.1.14
  resolution: "readable-stream@npm:1.1.14"
  dependencies:
    core-util-is: ~1.0.0
    inherits: ~2.0.1
    isarray: 0.0.1
    string_decoder: ~0.10.x
  checksum: 17dfeae3e909945a4a1abc5613ea92d03269ef54c49288599507fc98ff4615988a1c39a999dcf9aacba70233d9b7040bc11a5f2bfc947e262dedcc0a8b32b5a0
  languageName: node
  linkType: hard

"regenerator-runtime@npm:^0.13.4":
  version: 0.13.9
  resolution: "regenerator-runtime@npm:0.13.9"
  checksum: 65ed455fe5afd799e2897baf691ca21c2772e1a969d19bb0c4695757c2d96249eb74ee3553ea34a91062b2a676beedf630b4c1551cc6299afb937be1426ec55e
  languageName: node
  linkType: hard

"regexp-to-ast@npm:0.5.0":
  version: 0.5.0
  resolution: "regexp-to-ast@npm:0.5.0"
  checksum: 72e32f2a1217bb22398ac30867ddd43e16943b6b569dd4eb472de47494c7a39e34f47ee3e92ad4cbf92308f98997da366fe094a0e58eb6b93eab0ee956fff86d
  languageName: node
  linkType: hard

"resolve@npm:~1.11.1":
  version: 1.11.1
  resolution: "resolve@npm:1.11.1"
  dependencies:
    path-parse: ^1.0.6
  checksum: 159d576da0a48c68c9b02b10bbf6a6b04bae17b468a53886d310199606a09f77eb6c2afa3da562429e1d1333a056d567bc0c13000935d14fa506476607bba254
  languageName: node
  linkType: hard

"resolve@patch:resolve@~1.11.1#~builtin<compat/resolve>":
  version: 1.11.1
  resolution: "resolve@patch:resolve@npm%3A1.11.1#~builtin<compat/resolve>::version=1.11.1&hash=07638b"
  dependencies:
    path-parse: ^1.0.6
  checksum: fc3e272f1b1016888441d4d78591f7cfa7eed88a24e3d1fa52299e91135c37fd455232c394972b8e1fcc1b8433b62db943d1a7cc4f18a7a0593eb15f99668777
  languageName: node
  linkType: hard

"resumer@npm:~0.0.0":
  version: 0.0.0
  resolution: "resumer@npm:0.0.0"
  dependencies:
    through: ~2.3.4
  checksum: 21b1c257aac24840643fae9bc99ca6447a71a0039e7c6dcf64d0ead447ce511eff158d529f1b6258ad12668e66ee3e49ff14932d2b88a3bd578f483e79708104
  languageName: node
  linkType: hard

"sprintf@npm:~0.1.3":
  version: 0.1.5
  resolution: "sprintf@npm:0.1.5"
  checksum: 63126376a680da456309ff19df9f9d47373de6a0543744d085f2c80db1c2f3a521a45482f761c78fd822bb1474b9d884be04aa8eeec234b9806fd14a3b0b6d49
  languageName: node
  linkType: hard

"string.prototype.trim@npm:~1.1.2":
  version: 1.1.2
  resolution: "string.prototype.trim@npm:1.1.2"
  dependencies:
    define-properties: ^1.1.2
    es-abstract: ^1.5.0
    function-bind: ^1.0.2
  checksum: 51fb81f1b345015ac72aa043fe9235dcfc5c1fdb8162d9620ac9f27a3687b9339d7009f3095753f0bfb2b22693304c94599184e3188c2bdc942669f90a900fda
  languageName: node
  linkType: hard

"string.prototype.trimleft@npm:^2.0.0":
  version: 2.0.0
  resolution: "string.prototype.trimleft@npm:2.0.0"
  dependencies:
    define-properties: ^1.1.2
    function-bind: ^1.0.2
  checksum: 5039797039d9a47fbea50874ac43f29a535b5ac4e426876f58a0996124deafa2e105c95c8f10eed572a0daf09a696bb02193f8f471ae9096669b72d550aec173
  languageName: node
  linkType: hard

"string.prototype.trimright@npm:^2.0.0":
  version: 2.0.0
  resolution: "string.prototype.trimright@npm:2.0.0"
  dependencies:
    define-properties: ^1.1.2
    function-bind: ^1.0.2
  checksum: 6a402248fb1e8251a8441d05c540cff82708a9d8ff2853b42aeb52729073d676ee7f1e45d4b0b54eda8e083552633c7ddaa5fec3428f28b08d9f52690397d536
  languageName: node
  linkType: hard

"string_decoder@npm:~0.10.x":
  version: 0.10.31
  resolution: "string_decoder@npm:0.10.31"
  checksum: fe00f8e303647e5db919948ccb5ce0da7dea209ab54702894dd0c664edd98e5d4df4b80d6fabf7b9e92b237359d21136c95bf068b2f7760b772ca974ba970202
  languageName: node
  linkType: hard

"tap-parser@npm:~0.4.0":
  version: 0.4.3
  resolution: "tap-parser@npm:0.4.3"
  dependencies:
    inherits: ~2.0.1
    readable-stream: ~1.1.11
  checksum: c61f1f5f72524a6b98128ce928f24c4da46db52aeb7aed4ffde4b1e0f9a48338f01a3c2d864b4b3d5bd38c980ecf8100793a91bc76560628207c7718d52b9823
  languageName: node
  linkType: hard

"tape@npm:^4.11.0":
  version: 4.11.0
  resolution: "tape@npm:4.11.0"
  dependencies:
    deep-equal: ~1.0.1
    defined: ~1.0.0
    for-each: ~0.3.3
    function-bind: ~1.1.1
    glob: ~7.1.4
    has: ~1.0.3
    inherits: ~2.0.4
    minimist: ~1.2.0
    object-inspect: ~1.6.0
    resolve: ~1.11.1
    resumer: ~0.0.0
    string.prototype.trim: ~1.1.2
    through: ~2.3.8
  bin:
    tape: ./bin/tape
  checksum: 04c272a45a1aff8df09d3b1ea523095d22ab7a7e1fbab52d0d949d093fa413247a498605906326142e822ec9524e61bc94becc3c2db3bedeaba0a1404e119d2e
  languageName: node
  linkType: hard

"tape@npm:~2.3.2":
  version: 2.3.3
  resolution: "tape@npm:2.3.3"
  dependencies:
    deep-equal: ~0.1.0
    defined: ~0.0.0
    inherits: ~2.0.1
    jsonify: ~0.0.0
    resumer: ~0.0.0
    through: ~2.3.4
  bin:
    tape: ./bin/tape
  checksum: 9677d36f52a5ca56f1cfca37baa23c820f148368881b66be48381bd38836df6011fa0de0ba1f97079f45329a2743b460d37f8d9fbed8869ba5d74083aa113354
  languageName: node
  linkType: hard

"through2@npm:~0.2.3":
  version: 0.2.3
  resolution: "through2@npm:0.2.3"
  dependencies:
    readable-stream: ~1.1.9
    xtend: ~2.1.1
  checksum: 7c1377b5027871ebfd91399e4f311ddb2d3acbb009d177e6d105e86ad3b0e0536293f126dff690eb5d8ce70a2e3078cc73cafd8228b0b6c2e243ac5d3b481722
  languageName: node
  linkType: hard

"through@npm:~2.3.4, through@npm:~2.3.8":
  version: 2.3.8
  resolution: "through@npm:2.3.8"
  checksum: a38c3e059853c494af95d50c072b83f8b676a9ba2818dcc5b108ef252230735c54e0185437618596c790bbba8fcdaef5b290405981ffa09dce67b1f1bf190cbd
  languageName: node
  linkType: hard

"wrappy@npm:1":
  version: 1.0.2
  resolution: "wrappy@npm:1.0.2"
  checksum: 159da4805f7e84a3d003d8841557196034155008f817172d4e986bd591f74aa82aa7db55929a54222309e01079a65a92a9e6414da5a6aa4b01ee44a511ac3ee5
  languageName: node
  linkType: hard

"xregexp@npm:^5.1.0":
  version: 5.1.0
  resolution: "xregexp@npm:5.1.0"
  dependencies:
    "@babel/runtime-corejs3": ^7.14.9
  checksum: f5cc852e147f8c074d3ef198c919070012b4c7cd442f702873bea5569003a42d730db14d375012933abd7fb7c9ad932ddcf342879ea94d2259f274453a190c68
  languageName: node
  linkType: hard

"xtend@npm:~2.1.1":
  version: 2.1.2
  resolution: "xtend@npm:2.1.2"
  dependencies:
    object-keys: ~0.4.0
  checksum: a8b79f31502c163205984eaa2b196051cd2fab0882b49758e30f2f9018255bc6c462e32a090bf3385d1bda04755ad8cc0052a09e049b0038f49eb9b950d9c447
  languageName: node
  linkType: hard
